
Microsoft Visual Studio Solution File, Format Version 12.00
# Visual Studio Version 17
VisualStudioVersion = 17.14.36518.9
MinimumVisualStudioVersion = 10.0.40219.1
Project("{8BC9CEB8-8B4A-11D0-8D11-00A0C91BC942}") = "HelloWorld", "HelloWorld\HelloWorld.vcxproj", "{D11B172B-8174-4A66-B2CB-9677829B7F9F}"
EndProject
Project("{8BC9CEB8-8B4A-11D0-8D11-00A0C91BC942}") = "HelloGLFW", "HelloGLFW\HelloGLFW.vcxproj", "{E907BB66-2026-49E4-A9EA-45B9C944D805}"
EndProject
Project("{8BC9CEB8-8B4A-11D0-8D11-00A0C91BC942}") = "Application", "Application\Application.vcxproj", "{F504AE9B-0C20-4B49-9070-E1EDB33AE4C4}"
EndProject
Global
	GlobalSection(SolutionConfigurationPlatforms) = preSolution
		Debug|x64 = Debug|x64
		Debug|x86 = Debug|x86
		Release|x64 = Release|x64
		Release|x86 = Release|x86
	EndGlobalSection
	GlobalSection(ProjectConfigurationPlatforms) = postSolution
		{D11B172B-8174-4A66-B2CB-9677829B7F9F}.Debug|x64.ActiveCfg = Debug|x64
		{D11B172B-8174-4A66-B2CB-9677829B7F9F}.Debug|x64.Build.0 = Debug|x64
		{D11B172B-8174-4A66-B2CB-9677829B7F9F}.Debug|x86.ActiveCfg = Debug|Win32
		{D11B172B-8174-4A66-B2CB-9677829B7F9F}.Debug|x86.Build.0 = Debug|Win32
		{D11B172B-8174-4A66-B2CB-9677829B7F9F}.Release|x64.ActiveCfg = Release|x64
		{D11B172B-8174-4A66-B2CB-9677829B7F9F}.Release|x64.Build.0 = Release|x64
		{D11B172B-8174-4A66-B2CB-9677829B7F9F}.Release|x86.ActiveCfg = Release|Win32
		{D11B172B-8174-4A66-B2CB-9677829B7F9F}.Release|x86.Build.0 = Release|Win32
		{E907BB66-2026-49E4-A9EA-45B9C944D805}.Debug|x64.ActiveCfg = Debug|x64
		{E907BB66-2026-49E4-A9EA-45B9C944D805}.Debug|x64.Build.0 = Debug|x64
		{E907BB66-2026-49E4-A9EA-45B9C944D805}.Debug|x86.ActiveCfg = Debug|Win32
		{E907BB66-2026-49E4-A9EA-45B9C944D805}.Debug|x86.Build.0 = Debug|Win32
		{E907BB66-2026-49E4-A9EA-45B9C944D805}.Release|x64.ActiveCfg = Release|x64
		{E907BB66-2026-49E4-A9EA-45B9C944D805}.Release|x64.Build.0 = Release|x64
		{E907BB66-2026-49E4-A9EA-45B9C944D805}.Release|x86.ActiveCfg = Release|Win32
		{E907BB66-2026-49E4-A9EA-45B9C944D805}.Release|x86.Build.0 = Release|Win32
		{F504AE9B-0C20-4B49-9070-E1EDB33AE4C4}.Debug|x64.ActiveCfg = Debug|x64
		{F504AE9B-0C20-4B49-9070-E1EDB33AE4C4}.Debug|x64.Build.0 = Debug|x64
		{F504AE9B-0C20-4B49-9070-E1EDB33AE4C4}.Debug|x86.ActiveCfg = Debug|Win32
		{F504AE9B-0C20-4B49-9070-E1EDB33AE4C4}.Debug|x86.Build.0 = Debug|Win32
		{F504AE9B-0C20-4B49-9070-E1EDB33AE4C4}.Release|x64.ActiveCfg = Release|x64
		{F504AE9B-0C20-4B49-9070-E1EDB33AE4C4}.Release|x64.Build.0 = Release|x64
		{F504AE9B-0C20-4B49-9070-E1EDB33AE4C4}.Release|x86.ActiveCfg = Release|Win32
		{F504AE9B-0C20-4B49-9070-E1EDB33AE4C4}.Release|x86.Build.0 = Release|Win32
	EndGlobalSection
	GlobalSection(SolutionProperties) = preSolution
		HideSolutionNode = FALSE
	EndGlobalSection
	GlobalSection(ExtensibilityGlobals) = postSolution
		SolutionGuid = {DF330FAC-1354-46D8-8BB4-10457F8D1D10}
	EndGlobalSection
EndGlobal
